
Microsoft Visual Studio Solution File, Format Version 12.00
# Visual Studio Version 16
VisualStudioVersion = 16.0.31702.278
MinimumVisualStudioVersion = 10.0.40219.1
Project("{FAE04EC0-301F-11D3-BF4B-00C04F79EFBC}") = "Auth0ImportAspNetUsers", "Auth0ImportAspNetUsers\Auth0ImportAspNetUsers.csproj", "{B082B383-2156-406A-8C41-CCD3B7B6BDC4}"
EndProject
Global
	GlobalSection(SolutionConfigurationPlatforms) = preSolution
		Debug|Any CPU = Debug|Any CPU
		Release|Any CPU = Release|Any CPU
	EndGlobalSection
	GlobalSection(ProjectConfigurationPlatforms) = postSolution
		{B082B383-2156-406A-8C41-CCD3B7B6BDC4}.Debug|Any CPU.ActiveCfg = Debug|Any CPU
		{B082B383-2156-406A-8C41-CCD3B7B6BDC4}.Debug|Any CPU.Build.0 = Debug|Any CPU
		{B082B383-2156-406A-8C41-CCD3B7B6BDC4}.Release|Any CPU.ActiveCfg = Release|Any CPU
		{B082B383-2156-406A-8C41-CCD3B7B6BDC4}.Release|Any CPU.Build.0 = Release|Any CPU
	EndGlobalSection
	GlobalSection(SolutionProperties) = preSolution
		HideSolutionNode = FALSE
	EndGlobalSection
	GlobalSection(ExtensibilityGlobals) = postSolution
		SolutionGuid = {D14F19BD-7EA6-4F49-9CE9-78CE523BF1D2}
	EndGlobalSection
EndGlobal
